// !$*UTF8*$!
{
	archiveVersion = 1;
	classes = {
	};
	objectVersion = 50;
	objects = {

/* Begin PBXBuildFile section */
		4B1B751227392F77008A238C /* AppDelegate.swift in Sources */ = {isa = PBXBuildFile; fileRef = 4B1B751127392F77008A238C /* AppDelegate.swift */; };
		4B1B751427392F77008A238C /* SceneDelegate.swift in Sources */ = {isa = PBXBuildFile; fileRef = 4B1B751327392F77008A238C /* SceneDelegate.swift */; };
		4B1B751627392F77008A238C /* ViewController.swift in Sources */ = {isa = PBXBuildFile; fileRef = 4B1B751527392F77008A238C /* ViewController.swift */; };
		4B1B751927392F77008A238C /* Main.storyboard in Resources */ = {isa = PBXBuildFile; fileRef = 4B1B751727392F77008A238C /* Main.storyboard */; };
		4B1B751C27392F77008A238C /* carypark.xcdatamodeld in Sources */ = {isa = PBXBuildFile; fileRef = 4B1B751A27392F77008A238C /* carypark.xcdatamodeld */; };
		4B1B751E27392F83008A238C /* Assets.xcassets in Resources */ = {isa = PBXBuildFile; fileRef = 4B1B751D27392F83008A238C /* Assets.xcassets */; };
		4B1B752127392F83008A238C /* LaunchScreen.storyboard in Resources */ = {isa = PBXBuildFile; fileRef = 4B1B751F27392F83008A238C /* LaunchScreen.storyboard */; };
		4B1B752C27392F84008A238C /* caryparkTests.swift in Sources */ = {isa = PBXBuildFile; fileRef = 4B1B752B27392F84008A238C /* caryparkTests.swift */; };
		4B1B753727392F84008A238C /* caryparkUITests.swift in Sources */ = {isa = PBXBuildFile; fileRef = 4B1B753627392F84008A238C /* caryparkUITests.swift */; };
		4B1B7550273957F1008A238C /* mapViewController.swift in Sources */ = {isa = PBXBuildFile; fileRef = 4B1B754F273957F1008A238C /* mapViewController.swift */; };
/* End PBXBuildFile section */

/* Begin PBXContainerItemProxy section */
		4B1B752827392F84008A238C /* PBXContainerItemProxy */ = {
			isa = PBXContainerItemProxy;
			containerPortal = 4B1B750627392F77008A238C /* Project object */;
			proxyType = 1;
			remoteGlobalIDString = 4B1B750D27392F77008A238C;
			remoteInfo = carypark;
		};
		4B1B753327392F84008A238C /* PBXContainerItemProxy */ = {
			isa = PBXContainerItemProxy;
			containerPortal = 4B1B750627392F77008A238C /* Project object */;
			proxyType = 1;
			remoteGlobalIDString = 4B1B750D27392F77008A238C;
			remoteInfo = carypark;
		};
/* End PBXContainerItemProxy section */

/* Begin PBXFileReference section */
		4B1B750E27392F77008A238C /* carypark.app */ = {isa = PBXFileReference; explicitFileType = wrapper.application; includeInIndex = 0; path = carypark.app; sourceTree = BUILT_PRODUCTS_DIR; };
		4B1B751127392F77008A238C /* AppDelegate.swift */ = {isa = PBXFileReference; lastKnownFileType = sourcecode.swift; path = AppDelegate.swift; sourceTree = "<group>"; };
		4B1B751327392F77008A238C /* SceneDelegate.swift */ = {isa = PBXFileReference; lastKnownFileType = sourcecode.swift; path = SceneDelegate.swift; sourceTree = "<group>"; };
		4B1B751527392F77008A238C /* ViewController.swift */ = {isa = PBXFileReference; lastKnownFileType = sourcecode.swift; path = ViewController.swift; sourceTree = "<group>"; };
		4B1B751827392F77008A238C /* Base */ = {isa = PBXFileReference; lastKnownFileType = file.storyboard; name = Base; path = Base.lproj/Main.storyboard; sourceTree = "<group>"; };
		4B1B751B27392F77008A238C /* carypark.xcdatamodel */ = {isa = PBXFileReference; lastKnownFileType = wrapper.xcdatamodel; path = carypark.xcdatamodel; sourceTree = "<group>"; };
		4B1B751D27392F83008A238C /* Assets.xcassets */ = {isa = PBXFileReference; lastKnownFileType = folder.assetcatalog; path = Assets.xcassets; sourceTree = "<group>"; };
		4B1B752027392F83008A238C /* Base */ = {isa = PBXFileReference; lastKnownFileType = file.storyboard; name = Base; path = Base.lproj/LaunchScreen.storyboard; sourceTree = "<group>"; };
		4B1B752227392F83008A238C /* Info.plist */ = {isa = PBXFileReference; lastKnownFileType = text.plist.xml; path = Info.plist; sourceTree = "<group>"; };
		4B1B752727392F84008A238C /* caryparkTests.xctest */ = {isa = PBXFileReference; explicitFileType = wrapper.cfbundle; includeInIndex = 0; path = caryparkTests.xctest; sourceTree = BUILT_PRODUCTS_DIR; };
		4B1B752B27392F84008A238C /* caryparkTests.swift */ = {isa = PBXFileReference; lastKnownFileType = sourcecode.swift; path = caryparkTests.swift; sourceTree = "<group>"; };
		4B1B752D27392F84008A238C /* Info.plist */ = {isa = PBXFileReference; lastKnownFileType = text.plist.xml; path = Info.plist; sourceTree = "<group>"; };
		4B1B753227392F84008A238C /* caryparkUITests.xctest */ = {isa = PBXFileReference; explicitFileType = wrapper.cfbundle; includeInIndex = 0; path = caryparkUITests.xctest; sourceTree = BUILT_PRODUCTS_DIR; };
		4B1B753627392F84008A238C /* caryparkUITests.swift */ = {isa = PBXFileReference; lastKnownFileType = sourcecode.swift; path = caryparkUITests.swift; sourceTree = "<group>"; };
		4B1B753827392F84008A238C /* Info.plist */ = {isa = PBXFileReference; lastKnownFileType = text.plist.xml; path = Info.plist; sourceTree = "<group>"; };
		4B1B754F273957F1008A238C /* mapViewController.swift */ = {isa = PBXFileReference; lastKnownFileType = sourcecode.swift; path = mapViewController.swift; sourceTree = "<group>"; };
/* End PBXFileReference section */

/* Begin PBXFrameworksBuildPhase section */
		4B1B750B27392F77008A238C /* Frameworks */ = {
			isa = PBXFrameworksBuildPhase;
			buildActionMask = 2147483647;
			files = (
			);
			runOnlyForDeploymentPostprocessing = 0;
		};
		4B1B752427392F84008A238C /* Frameworks */ = {
			isa = PBXFrameworksBuildPhase;
			buildActionMask = 2147483647;
			files = (
			);
			runOnlyForDeploymentPostprocessing = 0;
		};
		4B1B752F27392F84008A238C /* Frameworks */ = {
			isa = PBXFrameworksBuildPhase;
			buildActionMask = 2147483647;
			files = (
			);
			runOnlyForDeploymentPostprocessing = 0;
		};
/* End PBXFrameworksBuildPhase section */

/* Begin PBXGroup section */
		4B1B750527392F77008A238C = {
			isa = PBXGroup;
			children = (
				4B1B751027392F77008A238C /* carypark */,
				4B1B752A27392F84008A238C /* caryparkTests */,
				4B1B753527392F84008A238C /* caryparkUITests */,
				4B1B750F27392F77008A238C /* Products */,
			);
			sourceTree = "<group>";
		};
		4B1B750F27392F77008A238C /* Products */ = {
			isa = PBXGroup;
			children = (
				4B1B750E27392F77008A238C /* carypark.app */,
				4B1B752727392F84008A238C /* caryparkTests.xctest */,
				4B1B753227392F84008A238C /* caryparkUITests.xctest */,
			);
			name = Products;
			sourceTree = "<group>";
		};
		4B1B751027392F77008A238C /* carypark */ = {
			isa = PBXGroup;
			children = (
				4B1B751127392F77008A238C /* AppDelegate.swift */,
				4B1B751327392F77008A238C /* SceneDelegate.swift */,
				4B1B751527392F77008A238C /* ViewController.swift */,
				4B1B751727392F77008A238C /* Main.storyboard */,
				4B1B754F273957F1008A238C /* mapViewController.swift */,
				4B1B751D27392F83008A238C /* Assets.xcassets */,
				4B1B751F27392F83008A238C /* LaunchScreen.storyboard */,
				4B1B752227392F83008A238C /* Info.plist */,
				4B1B751A27392F77008A238C /* carypark.xcdatamodeld */,
			);
			path = carypark;
			sourceTree = "<group>";
		};
		4B1B752A27392F84008A238C /* caryparkTests */ = {
			isa = PBXGroup;
			children = (
				4B1B752B27392F84008A238C /* caryparkTests.swift */,
				4B1B752D27392F84008A238C /* Info.plist */,
			);
			path = caryparkTests;
			sourceTree = "<group>";
		};
		4B1B753527392F84008A238C /* caryparkUITests */ = {
			isa = PBXGroup;
			children = (
				4B1B753627392F84008A238C /* caryparkUITests.swift */,
				4B1B753827392F84008A238C /* Info.plist */,
			);
			path = caryparkUITests;
			sourceTree = "<group>";
		};
/* End PBXGroup section */

/* Begin PBXNativeTarget section */
		4B1B750D27392F77008A238C /* carypark */ = {
			isa = PBXNativeTarget;
			buildConfigurationList = 4B1B753B27392F84008A238C /* Build configuration list for PBXNativeTarget "carypark" */;
			buildPhases = (
				4B1B750A27392F77008A238C /* Sources */,
				4B1B750B27392F77008A238C /* Frameworks */,
				4B1B750C27392F77008A238C /* Resources */,
			);
			buildRules = (
			);
			dependencies = (
			);
			name = carypark;
			productName = carypark;
			productReference = 4B1B750E27392F77008A238C /* carypark.app */;
			productType = "com.apple.product-type.application";
		};
		4B1B752627392F84008A238C /* caryparkTests */ = {
			isa = PBXNativeTarget;
			buildConfigurationList = 4B1B753E27392F84008A238C /* Build configuration list for PBXNativeTarget "caryparkTests" */;
			buildPhases = (
				4B1B752327392F84008A238C /* Sources */,
				4B1B752427392F84008A238C /* Frameworks */,
				4B1B752527392F84008A238C /* Resources */,
			);
			buildRules = (
			);
			dependencies = (
				4B1B752927392F84008A238C /* PBXTargetDependency */,
			);
			name = caryparkTests;
			productName = caryparkTests;
			productReference = 4B1B752727392F84008A238C /* caryparkTests.xctest */;
			productType = "com.apple.product-type.bundle.unit-test";
		};
		4B1B753127392F84008A238C /* caryparkUITests */ = {
			isa = PBXNativeTarget;
			buildConfigurationList = 4B1B754127392F84008A238C /* Build configuration list for PBXNativeTarget "caryparkUITests" */;
			buildPhases = (
				4B1B752E27392F84008A238C /* Sources */,
				4B1B752F27392F84008A238C /* Frameworks */,
				4B1B753027392F84008A238C /* Resources */,
			);
			buildRules = (
			);
			dependencies = (
				4B1B753427392F84008A238C /* PBXTargetDependency */,
			);
			name = caryparkUITests;
			productName = caryparkUITests;
			productReference = 4B1B753227392F84008A238C /* caryparkUITests.xctest */;
			productType = "com.apple.product-type.bundle.ui-testing";
		};
/* End PBXNativeTarget section */

/* Begin PBXProject section */
		4B1B750627392F77008A238C /* Project object */ = {
			isa = PBXProject;
			attributes = {
				LastSwiftUpdateCheck = 1230;
				LastUpgradeCheck = 1230;
				TargetAttributes = {
					4B1B750D27392F77008A238C = {
						CreatedOnToolsVersion = 12.3;
					};
					4B1B752627392F84008A238C = {
						CreatedOnToolsVersion = 12.3;
						TestTargetID = 4B1B750D27392F77008A238C;
					};
					4B1B753127392F84008A238C = {
						CreatedOnToolsVersion = 12.3;
						TestTargetID = 4B1B750D27392F77008A238C;
					};
				};
			};
			buildConfigurationList = 4B1B750927392F77008A238C /* Build configuration list for PBXProject "carypark" */;
			compatibilityVersion = "Xcode 9.3";
			developmentRegion = en;
			hasScannedForEncodings = 0;
			knownRegions = (
				en,
				Base,
			);
			mainGroup = 4B1B750527392F77008A238C;
			productRefGroup = 4B1B750F27392F77008A238C /* Products */;
			projectDirPath = "";
			projectRoot = "";
			targets = (
				4B1B750D27392F77008A238C /* carypark */,
				4B1B752627392F84008A238C /* caryparkTests */,
				4B1B753127392F84008A238C /* caryparkUITests */,
			);
		};
/* End PBXProject section */

/* Begin PBXResourcesBuildPhase section */
		4B1B750C27392F77008A238C /* Resources */ = {
			isa = PBXResourcesBuildPhase;
			buildActionMask = 2147483647;
			files = (
				4B1B752127392F83008A238C /* LaunchScreen.storyboard in Resources */,
				4B1B751E27392F83008A238C /* Assets.xcassets in Resources */,
				4B1B751927392F77008A238C /* Main.storyboard in Resources */,
			);
			runOnlyForDeploymentPostprocessing = 0;
		};
		4B1B752527392F84008A238C /* Resources */ = {
			isa = PBXResourcesBuildPhase;
			buildActionMask = 2147483647;
			files = (
			);
			runOnlyForDeploymentPostprocessing = 0;
		};
		4B1B753027392F84008A238C /* Resources */ = {
			isa = PBXResourcesBuildPhase;
			buildActionMask = 2147483647;
			files = (
			);
			runOnlyForDeploymentPostprocessing = 0;
		};
/* End PBXResourcesBuildPhase section */

/* Begin PBXSourcesBuildPhase section */
		4B1B750A27392F77008A238C /* Sources */ = {
			isa = PBXSourcesBuildPhase;
			buildActionMask = 2147483647;
			files = (
				4B1B751627392F77008A238C /* ViewController.swift in Sources */,
				4B1B7550273957F1008A238C /* mapViewController.swift in Sources */,
				4B1B751227392F77008A238C /* AppDelegate.swift in Sources */,
				4B1B751C27392F77008A238C /* carypark.xcdatamodeld in Sources */,
				4B1B751427392F77008A238C /* SceneDelegate.swift in Sources */,
			);
			runOnlyForDeploymentPostprocessing = 0;
		};
		4B1B752327392F84008A238C /* Sources */ = {
			isa = PBXSourcesBuildPhase;
			buildActionMask = 2147483647;
			files = (
				4B1B752C27392F84008A238C /* caryparkTests.swift in Sources */,
			);
			runOnlyForDeploymentPostprocessing = 0;
		};
		4B1B752E27392F84008A238C /* Sources */ = {
			isa = PBXSourcesBuildPhase;
			buildActionMask = 2147483647;
			files = (
				4B1B753727392F84008A238C /* caryparkUITests.swift in Sources */,
			);
			runOnlyForDeploymentPostprocessing = 0;
		};
/* End PBXSourcesBuildPhase section */

/* Begin PBXTargetDependency section */
		4B1B752927392F84008A238C /* PBXTargetDependency */ = {
			isa = PBXTargetDependency;
			target = 4B1B750D27392F77008A238C /* carypark */;
			targetProxy = 4B1B752827392F84008A238C /* PBXContainerItemProxy */;
		};
		4B1B753427392F84008A238C /* PBXTargetDependency */ = {
			isa = PBXTargetDependency;
			target = 4B1B750D27392F77008A238C /* carypark */;
			targetProxy = 4B1B753327392F84008A238C /* PBXContainerItemProxy */;
		};
/* End PBXTargetDependency section */

/* Begin PBXVariantGroup section */
		4B1B751727392F77008A238C /* Main.storyboard */ = {
			isa = PBXVariantGroup;
			children = (
				4B1B751827392F77008A238C /* Base */,
			);
			name = Main.storyboard;
			sourceTree = "<group>";
		};
		4B1B751F27392F83008A238C /* LaunchScreen.storyboard */ = {
			isa = PBXVariantGroup;
			children = (
				4B1B752027392F83008A238C /* Base */,
			);
			name = LaunchScreen.storyboard;
			sourceTree = "<group>";
		};
/* End PBXVariantGroup section */

/* Begin XCBuildConfiguration section */
		4B1B753927392F84008A238C /* Debug */ = {
			isa = XCBuildConfiguration;
			buildSettings = {
				ALWAYS_SEARCH_USER_PATHS = NO;
				CLANG_ANALYZER_NONNULL = YES;
				CLANG_ANALYZER_NUMBER_OBJECT_CONVERSION = YES_AGGRESSIVE;
				CLANG_CXX_LANGUAGE_STANDARD = "gnu++14";
				CLANG_CXX_LIBRARY = "libc++";
				CLANG_ENABLE_MODULES = YES;
				CLANG_ENABLE_OBJC_ARC = YES;
				CLANG_ENABLE_OBJC_WEAK = YES;
				CLANG_WARN_BLOCK_CAPTURE_AUTORELEASING = YES;
				CLANG_WARN_BOOL_CONVERSION = YES;
				CLANG_WARN_COMMA = YES;
				CLANG_WARN_CONSTANT_CONVERSION = YES;
				CLANG_WARN_DEPRECATED_OBJC_IMPLEMENTATIONS = YES;
				CLANG_WARN_DIRECT_OBJC_ISA_USAGE = YES_ERROR;
				CLANG_WARN_DOCUMENTATION_COMMENTS = YES;
				CLANG_WARN_EMPTY_BODY = YES;
				CLANG_WARN_ENUM_CONVERSION = YES;
				CLANG_WARN_INFINITE_RECURSION = YES;
				CLANG_WARN_INT_CONVERSION = YES;
				CLANG_WARN_NON_LITERAL_NULL_CONVERSION = YES;
				CLANG_WARN_OBJC_IMPLICIT_RETAIN_SELF = YES;
				CLANG_WARN_OBJC_LITERAL_CONVERSION = YES;
				CLANG_WARN_OBJC_ROOT_CLASS = YES_ERROR;
				CLANG_WARN_QUOTED_INCLUDE_IN_FRAMEWORK_HEADER = YES;
				CLANG_WARN_RANGE_LOOP_ANALYSIS = YES;
				CLANG_WARN_STRICT_PROTOTYPES = YES;
				CLANG_WARN_SUSPICIOUS_MOVE = YES;
				CLANG_WARN_UNGUARDED_AVAILABILITY = YES_AGGRESSIVE;
				CLANG_WARN_UNREACHABLE_CODE = YES;
				CLANG_WARN__DUPLICATE_METHOD_MATCH = YES;
				COPY_PHASE_STRIP = NO;
				DEBUG_INFORMATION_FORMAT = dwarf;
				ENABLE_STRICT_OBJC_MSGSEND = YES;
				ENABLE_TESTABILITY = YES;
				GCC_C_LANGUAGE_STANDARD = gnu11;
				GCC_DYNAMIC_NO_PIC = NO;
				GCC_NO_COMMON_BLOCKS = YES;
				GCC_OPTIMIZATION_LEVEL = 0;
				GCC_PREPROCESSOR_DEFINITIONS = (
					"DEBUG=1",
					"$(inherited)",
				);
				GCC_WARN_64_TO_32_BIT_CONVERSION = YES;
				GCC_WARN_ABOUT_RETURN_TYPE = YES_ERROR;
				GCC_WARN_UNDECLARED_SELECTOR = YES;
				GCC_WARN_UNINITIALIZED_AUTOS = YES_AGGRESSIVE;
				GCC_WARN_UNUSED_FUNCTION = YES;
				GCC_WARN_UNUSED_VARIABLE = YES;
				IPHONEOS_DEPLOYMENT_TARGET = 14.3;
				MTL_ENABLE_DEBUG_INFO = INCLUDE_SOURCE;
				MTL_FAST_MATH = YES;
				ONLY_ACTIVE_ARCH = YES;
				SDKROOT = iphoneos;
				SWIFT_ACTIVE_COMPILATION_CONDITIONS = DEBUG;
				SWIFT_OPTIMIZATION_LEVEL = "-Onone";
			};
			name = Debug;
		};
		4B1B753A27392F84008A238C /* Release */ = {
			isa = XCBuildConfiguration;
			buildSettings = {
				ALWAYS_SEARCH_USER_PATHS = NO;
				CLANG_ANALYZER_NONNULL = YES;
				CLANG_ANALYZER_NUMBER_OBJECT_CONVERSION = YES_AGGRESSIVE;
				CLANG_CXX_LANGUAGE_STANDARD = "gnu++14";
				CLANG_CXX_LIBRARY = "libc++";
				CLANG_ENABLE_MODULES = YES;
				CLANG_ENABLE_OBJC_ARC = YES;
				CLANG_ENABLE_OBJC_WEAK = YES;
				CLANG_WARN_BLOCK_CAPTURE_AUTORELEASING = YES;
				CLANG_WARN_BOOL_CONVERSION = YES;
				CLANG_WARN_COMMA = YES;
				CLANG_WARN_CONSTANT_CONVERSION = YES;
				CLANG_WARN_DEPRECATED_OBJC_IMPLEMENTATIONS = YES;
				CLANG_WARN_DIRECT_OBJC_ISA_USAGE = YES_ERROR;
				CLANG_WARN_DOCUMENTATION_COMMENTS = YES;
				CLANG_WARN_EMPTY_BODY = YES;
				CLANG_WARN_ENUM_CONVERSION = YES;
				CLANG_WARN_INFINITE_RECURSION = YES;
				CLANG_WARN_INT_CONVERSION = YES;
				CLANG_WARN_NON_LITERAL_NULL_CONVERSION = YES;
				CLANG_WARN_OBJC_IMPLICIT_RETAIN_SELF = YES;
				CLANG_WARN_OBJC_LITERAL_CONVERSION = YES;
				CLANG_WARN_OBJC_ROOT_CLASS = YES_ERROR;
				CLANG_WARN_QUOTED_INCLUDE_IN_FRAMEWORK_HEADER = YES;
				CLANG_WARN_RANGE_LOOP_ANALYSIS = YES;
				CLANG_WARN_STRICT_PROTOTYPES = YES;
				CLANG_WARN_SUSPICIOUS_MOVE = YES;
				CLANG_WARN_UNGUARDED_AVAILABILITY = YES_AGGRESSIVE;
				CLANG_WARN_UNREACHABLE_CODE = YES;
				CLANG_WARN__DUPLICATE_METHOD_MATCH = YES;
				COPY_PHASE_STRIP = NO;
				DEBUG_INFORMATION_FORMAT = "dwarf-with-dsym";
				ENABLE_NS_ASSERTIONS = NO;
				ENABLE_STRICT_OBJC_MSGSEND = YES;
				GCC_C_LANGUAGE_STANDARD = gnu11;
				GCC_NO_COMMON_BLOCKS = YES;
				GCC_WARN_64_TO_32_BIT_CONVERSION = YES;
				GCC_WARN_ABOUT_RETURN_TYPE = YES_ERROR;
				GCC_WARN_UNDECLARED_SELECTOR = YES;
				GCC_WARN_UNINITIALIZED_AUTOS = YES_AGGRESSIVE;
				GCC_WARN_UNUSED_FUNCTION = YES;
				GCC_WARN_UNUSED_VARIABLE = YES;
				IPHONEOS_DEPLOYMENT_TARGET = 14.3;
				MTL_ENABLE_DEBUG_INFO = NO;
				MTL_FAST_MATH = YES;
				SDKROOT = iphoneos;
				SWIFT_COMPILATION_MODE = wholemodule;
				SWIFT_OPTIMIZATION_LEVEL = "-O";
				VALIDATE_PRODUCT = YES;
			};
			name = Release;
		};
		4B1B753C27392F84008A238C /* Debug */ = {
			isa = XCBuildConfiguration;
			buildSettings = {
				ASSETCATALOG_COMPILER_APPICON_NAME = AppIcon;
				ASSETCATALOG_COMPILER_GLOBAL_ACCENT_COLOR_NAME = AccentColor;
				CODE_SIGN_STYLE = Automatic;
				INFOPLIST_FILE = carypark/Info.plist;
				LD_RUNPATH_SEARCH_PATHS = (
					"$(inherited)",
					"@executable_path/Frameworks",
				);
				PRODUCT_BUNDLE_IDENTIFIER = "--sim-2-.carypark";
				PRODUCT_NAME = "$(TARGET_NAME)";
				SWIFT_VERSION = 5.0;
				TARGETED_DEVICE_FAMILY = "1,2";
			};
			name = Debug;
		};
		4B1B753D27392F84008A238C /* Release */ = {
			isa = XCBuildConfiguration;
			buildSettings = {
				ASSETCATALOG_COMPILER_APPICON_NAME = AppIcon;
				ASSETCATALOG_COMPILER_GLOBAL_ACCENT_COLOR_NAME = AccentColor;
				CODE_SIGN_STYLE = Automatic;
				INFOPLIST_FILE = carypark/Info.plist;
				LD_RUNPATH_SEARCH_PATHS = (
					"$(inherited)",
					"@executable_path/Frameworks",
				);
				PRODUCT_BUNDLE_IDENTIFIER = "--sim-2-.carypark";
				PRODUCT_NAME = "$(TARGET_NAME)";
				SWIFT_VERSION = 5.0;
				TARGETED_DEVICE_FAMILY = "1,2";
			};
			name = Release;
		};
		4B1B753F27392F84008A238C /* Debug */ = {
			isa = XCBuildConfiguration;
			buildSettings = {
				ALWAYS_EMBED_SWIFT_STANDARD_LIBRARIES = YES;
				BUNDLE_LOADER = "$(TEST_HOST)";
				CODE_SIGN_STYLE = Automatic;
				INFOPLIST_FILE = caryparkTests/Info.plist;
				IPHONEOS_DEPLOYMENT_TARGET = 14.3;
				LD_RUNPATH_SEARCH_PATHS = (
					"$(inherited)",
					"@executable_path/Frameworks",
					"@loader_path/Frameworks",
				);
				PRODUCT_BUNDLE_IDENTIFIER = "--sim-2-.caryparkTests";
				PRODUCT_NAME = "$(TARGET_NAME)";
				SWIFT_VERSION = 5.0;
				TARGETED_DEVICE_FAMILY = "1,2";
				TEST_HOST = "$(BUILT_PRODUCTS_DIR)/carypark.app/carypark";
			};
			name = Debug;
		};
		4B1B754027392F84008A238C /* Release */ = {
			isa = XCBuildConfiguration;
			buildSettings = {
				ALWAYS_EMBED_SWIFT_STANDARD_LIBRARIES = YES;
				BUNDLE_LOADER = "$(TEST_HOST)";
				CODE_SIGN_STYLE = Automatic;
				INFOPLIST_FILE = caryparkTests/Info.plist;
				IPHONEOS_DEPLOYMENT_TARGET = 14.3;
				LD_RUNPATH_SEARCH_PATHS = (
					"$(inherited)",
					"@executable_path/Frameworks",
					"@loader_path/Frameworks",
				);
				PRODUCT_BUNDLE_IDENTIFIER = "--sim-2-.caryparkTests";
				PRODUCT_NAME = "$(TARGET_NAME)";
				SWIFT_VERSION = 5.0;
				TARGETED_DEVICE_FAMILY = "1,2";
				TEST_HOST = "$(BUILT_PRODUCTS_DIR)/carypark.app/carypark";
			};
			name = Release;
		};
		4B1B754227392F84008A238C /* Debug */ = {
			isa = XCBuildConfiguration;
			buildSettings = {
				ALWAYS_EMBED_SWIFT_STANDARD_LIBRARIES = YES;
				CODE_SIGN_STYLE = Automatic;
				INFOPLIST_FILE = caryparkUITests/Info.plist;
				LD_RUNPATH_SEARCH_PATHS = (
					"$(inherited)",
					"@executable_path/Frameworks",
					"@loader_path/Frameworks",
				);
				PRODUCT_BUNDLE_IDENTIFIER = "--sim-2-.caryparkUITests";
				PRODUCT_NAME = "$(TARGET_NAME)";
				SWIFT_VERSION = 5.0;
				TARGETED_DEVICE_FAMILY = "1,2";
				TEST_TARGET_NAME = carypark;
			};
			name = Debug;
		};
		4B1B754327392F84008A238C /* Release */ = {
			isa = XCBuildConfiguration;
			buildSettings = {
				ALWAYS_EMBED_SWIFT_STANDARD_LIBRARIES = YES;
				CODE_SIGN_STYLE = Automatic;
				INFOPLIST_FILE = caryparkUITests/Info.plist;
				LD_RUNPATH_SEARCH_PATHS = (
					"$(inherited)",
					"@executable_path/Frameworks",
					"@loader_path/Frameworks",
				);
				PRODUCT_BUNDLE_IDENTIFIER = "--sim-2-.caryparkUITests";
				PRODUCT_NAME = "$(TARGET_NAME)";
				SWIFT_VERSION = 5.0;
				TARGETED_DEVICE_FAMILY = "1,2";
				TEST_TARGET_NAME = carypark;
			};
			name = Release;
		};
/* End XCBuildConfiguration section */

/* Begin XCConfigurationList section */
		4B1B750927392F77008A238C /* Build configuration list for PBXProject "carypark" */ = {
			isa = XCConfigurationList;
			buildConfigurations = (
				4B1B753927392F84008A238C /* Debug */,
				4B1B753A27392F84008A238C /* Release */,
			);
			defaultConfigurationIsVisible = 0;
			defaultConfigurationName = Release;
		};
		4B1B753B27392F84008A238C /* Build configuration list for PBXNativeTarget "carypark" */ = {
			isa = XCConfigurationList;
			buildConfigurations = (
				4B1B753C27392F84008A238C /* Debug */,
				4B1B753D27392F84008A238C /* Release */,
			);
			defaultConfigurationIsVisible = 0;
			defaultConfigurationName = Release;
		};
		4B1B753E27392F84008A238C /* Build configuration list for PBXNativeTarget "caryparkTests" */ = {
			isa = XCConfigurationList;
			buildConfigurations = (
				4B1B753F27392F84008A238C /* Debug */,
				4B1B754027392F84008A238C /* Release */,
			);
			defaultConfigurationIsVisible = 0;
			defaultConfigurationName = Release;
		};
		4B1B754127392F84008A238C /* Build configuration list for PBXNativeTarget "caryparkUITests" */ = {
			isa = XCConfigurationList;
			buildConfigurations = (
				4B1B754227392F84008A238C /* Debug */,
				4B1B754327392F84008A238C /* Release */,
			);
			defaultConfigurationIsVisible = 0;
			defaultConfigurationName = Release;
		};
/* End XCConfigurationList section */

/* Begin XCVersionGroup section */
		4B1B751A27392F77008A238C /* carypark.xcdatamodeld */ = {
			isa = XCVersionGroup;
			children = (
				4B1B751B27392F77008A238C /* carypark.xcdatamodel */,
			);
			currentVersion = 4B1B751B27392F77008A238C /* carypark.xcdatamodel */;
			path = carypark.xcdatamodeld;
			sourceTree = "<group>";
			versionGroupType = wrapper.xcdatamodel;
		};
/* End XCVersionGroup section */
	};
	rootObject = 4B1B750627392F77008A238C /* Project object */;
}
